
Microsoft Visual Studio Solution File, Format Version 9.00
# Visual C# Express 2005
Project("{FAE04EC0-301F-11D3-BF4B-00C04F79EFBC}") = "SharpSteer.360", "Source\SharpSteer\SharpSteer-v1.360.csproj", "{9391357C-ECC1-486E-9E0A-DDD85135BCC0}"
EndProject
Project("{FAE04EC0-301F-11D3-BF4B-00C04F79EFBC}") = "SharpSteer.x86", "Source\SharpSteer\SharpSteer-v1.x86.csproj", "{8E1E5411-3326-4077-B49B-2694E48AD255}"
EndProject
Project("{FAE04EC0-301F-11D3-BF4B-00C04F79EFBC}") = "Demo", "Source\Demo\Demo-v1.csproj", "{7A37C881-0A5C-4B9C-B07E-3A2B7377434B}"
EndProject
Global
	GlobalSection(SolutionConfigurationPlatforms) = preSolution
		Debug|Mixed Platforms = Debug|Mixed Platforms
		Debug|x86 = Debug|x86
		Debug|Xbox 360 = Debug|Xbox 360
		Release|Mixed Platforms = Release|Mixed Platforms
		Release|x86 = Release|x86
		Release|Xbox 360 = Release|Xbox 360
	EndGlobalSection
	GlobalSection(ProjectConfigurationPlatforms) = postSolution
		{9391357C-ECC1-486E-9E0A-DDD85135BCC0}.Debug|Mixed Platforms.ActiveCfg = Debug|Xbox 360
		{9391357C-ECC1-486E-9E0A-DDD85135BCC0}.Debug|Mixed Platforms.Build.0 = Debug|Xbox 360
		{9391357C-ECC1-486E-9E0A-DDD85135BCC0}.Debug|x86.ActiveCfg = Debug|Xbox 360
		{9391357C-ECC1-486E-9E0A-DDD85135BCC0}.Debug|Xbox 360.ActiveCfg = Debug|Xbox 360
		{9391357C-ECC1-486E-9E0A-DDD85135BCC0}.Debug|Xbox 360.Build.0 = Debug|Xbox 360
		{9391357C-ECC1-486E-9E0A-DDD85135BCC0}.Release|Mixed Platforms.ActiveCfg = Release|Xbox 360
		{9391357C-ECC1-486E-9E0A-DDD85135BCC0}.Release|Mixed Platforms.Build.0 = Release|Xbox 360
		{9391357C-ECC1-486E-9E0A-DDD85135BCC0}.Release|x86.ActiveCfg = Release|Xbox 360
		{9391357C-ECC1-486E-9E0A-DDD85135BCC0}.Release|Xbox 360.ActiveCfg = Release|Xbox 360
		{9391357C-ECC1-486E-9E0A-DDD85135BCC0}.Release|Xbox 360.Build.0 = Release|Xbox 360
		{8E1E5411-3326-4077-B49B-2694E48AD255}.Debug|Mixed Platforms.ActiveCfg = Debug|x86
		{8E1E5411-3326-4077-B49B-2694E48AD255}.Debug|Mixed Platforms.Build.0 = Debug|x86
		{8E1E5411-3326-4077-B49B-2694E48AD255}.Debug|x86.ActiveCfg = Debug|x86
		{8E1E5411-3326-4077-B49B-2694E48AD255}.Debug|x86.Build.0 = Debug|x86
		{8E1E5411-3326-4077-B49B-2694E48AD255}.Debug|Xbox 360.ActiveCfg = Debug|x86
		{8E1E5411-3326-4077-B49B-2694E48AD255}.Release|Mixed Platforms.ActiveCfg = Release|x86
		{8E1E5411-3326-4077-B49B-2694E48AD255}.Release|Mixed Platforms.Build.0 = Release|x86
		{8E1E5411-3326-4077-B49B-2694E48AD255}.Release|x86.ActiveCfg = Release|x86
		{8E1E5411-3326-4077-B49B-2694E48AD255}.Release|x86.Build.0 = Release|x86
		{8E1E5411-3326-4077-B49B-2694E48AD255}.Release|Xbox 360.ActiveCfg = Release|x86
		{7A37C881-0A5C-4B9C-B07E-3A2B7377434B}.Debug|Mixed Platforms.ActiveCfg = Debug|x86
		{7A37C881-0A5C-4B9C-B07E-3A2B7377434B}.Debug|Mixed Platforms.Build.0 = Debug|x86
		{7A37C881-0A5C-4B9C-B07E-3A2B7377434B}.Debug|x86.ActiveCfg = Debug|x86
		{7A37C881-0A5C-4B9C-B07E-3A2B7377434B}.Debug|x86.Build.0 = Debug|x86
		{7A37C881-0A5C-4B9C-B07E-3A2B7377434B}.Debug|Xbox 360.ActiveCfg = Debug|x86
		{7A37C881-0A5C-4B9C-B07E-3A2B7377434B}.Release|Mixed Platforms.ActiveCfg = Release|x86
		{7A37C881-0A5C-4B9C-B07E-3A2B7377434B}.Release|Mixed Platforms.Build.0 = Release|x86
		{7A37C881-0A5C-4B9C-B07E-3A2B7377434B}.Release|x86.ActiveCfg = Release|x86
		{7A37C881-0A5C-4B9C-B07E-3A2B7377434B}.Release|x86.Build.0 = Release|x86
		{7A37C881-0A5C-4B9C-B07E-3A2B7377434B}.Release|Xbox 360.ActiveCfg = Release|x86
	EndGlobalSection
	GlobalSection(SolutionProperties) = preSolution
		HideSolutionNode = FALSE
	EndGlobalSection
EndGlobal
